
Microsoft Visual Studio Solution File, Format Version 12.00
# Visual Studio Version 17
VisualStudioVersion = 17.2.32516.85
MinimumVisualStudioVersion = 10.0.40219.1
Project("{FAE04EC0-301F-11D3-BF4B-00C04F79EFBC}") = "WFConFin", "WFConFin\WFConFin.csproj", "{D57C49B9-E2D8-4DCA-8C35-472F5692B575}"
EndProject
Global
	GlobalSection(SolutionConfigurationPlatforms) = preSolution
		Debug|Any CPU = Debug|Any CPU
		Release|Any CPU = Release|Any CPU
	EndGlobalSection
	GlobalSection(ProjectConfigurationPlatforms) = postSolution
		{D57C49B9-E2D8-4DCA-8C35-472F5692B575}.Debug|Any CPU.ActiveCfg = Debug|Any CPU
		{D57C49B9-E2D8-4DCA-8C35-472F5692B575}.Debug|Any CPU.Build.0 = Debug|Any CPU
		{D57C49B9-E2D8-4DCA-8C35-472F5692B575}.Release|Any CPU.ActiveCfg = Release|Any CPU
		{D57C49B9-E2D8-4DCA-8C35-472F5692B575}.Release|Any CPU.Build.0 = Release|Any CPU
	EndGlobalSection
	GlobalSection(SolutionProperties) = preSolution
		HideSolutionNode = FALSE
	EndGlobalSection
	GlobalSection(ExtensibilityGlobals) = postSolution
		SolutionGuid = {E2955A3D-013C-4889-B8F5-6B9459CA88D6}
	EndGlobalSection
EndGlobal
